// !$*UTF8*$!
{
	archiveVersion = 1;
	classes = {
	};
	objectVersion = 60;
	objects = {

/* Begin PBXBuildFile section */
		14C9FF462D66788A00B2CF44 /* InterviewAppMultimoneyApp.swift in Sources */ = {isa = PBXBuildFile; fileRef = 14C9FF452D66788A00B2CF44 /* InterviewAppMultimoneyApp.swift */; };
		14C9FF482D66788A00B2CF44 /* LauchesScreen.swift in Sources */ = {isa = PBXBuildFile; fileRef = 14C9FF472D66788A00B2CF44 /* LauchesScreen.swift */; };
		14C9FF4A2D66788C00B2CF44 /* Assets.xcassets in Resources */ = {isa = PBXBuildFile; fileRef = 14C9FF492D66788C00B2CF44 /* Assets.xcassets */; };
		14C9FF4D2D66788C00B2CF44 /* Preview Assets.xcassets in Resources */ = {isa = PBXBuildFile; fileRef = 14C9FF4C2D66788C00B2CF44 /* Preview Assets.xcassets */; };
		14C9FF5A2D667A0F00B2CF44 /* Apollo in Frameworks */ = {isa = PBXBuildFile; productRef = 14C9FF592D667A0F00B2CF44 /* Apollo */; };
		14C9FF5C2D667A0F00B2CF44 /* ApolloWebSocket in Frameworks */ = {isa = PBXBuildFile; productRef = 14C9FF5B2D667A0F00B2CF44 /* ApolloWebSocket */; };
		14C9FF602D667A7000B2CF44 /* schema.graphqls in Resources */ = {isa = PBXBuildFile; fileRef = 14C9FF5F2D667A7000B2CF44 /* schema.graphqls */; };
		14C9FF622D667A9900B2CF44 /* Launches.graphql in Resources */ = {isa = PBXBuildFile; fileRef = 14C9FF612D667A9900B2CF44 /* Launches.graphql */; };
		14C9FF642D667B4200B2CF44 /* Ships.graphql in Resources */ = {isa = PBXBuildFile; fileRef = 14C9FF632D667B4200B2CF44 /* Ships.graphql */; };
		14C9FF672D667D0400B2CF44 /* InterviewAppMultimoneyAPI in Frameworks */ = {isa = PBXBuildFile; productRef = 14C9FF662D667D0400B2CF44 /* InterviewAppMultimoneyAPI */; };
		14C9FF6A2D667D5700B2CF44 /* LaunchesService.swift in Sources */ = {isa = PBXBuildFile; fileRef = 14C9FF692D667D5700B2CF44 /* LaunchesService.swift */; };
		14C9FF6D2D667D7C00B2CF44 /* LaunchRepositories.swift in Sources */ = {isa = PBXBuildFile; fileRef = 14C9FF6C2D667D7C00B2CF44 /* LaunchRepositories.swift */; };
		14C9FF6F2D667DFB00B2CF44 /* LauchesViewModel.swift in Sources */ = {isa = PBXBuildFile; fileRef = 14C9FF6E2D667DFB00B2CF44 /* LauchesViewModel.swift */; };
		14C9FF722D6689A900B2CF44 /* LauchesCardsUI.swift in Sources */ = {isa = PBXBuildFile; fileRef = 14C9FF712D6689A900B2CF44 /* LauchesCardsUI.swift */; };
		14C9FF752D66B9B600B2CF44 /* InterviewAppMultimoneyAPI in Frameworks */ = {isa = PBXBuildFile; productRef = 14C9FF742D66B9B600B2CF44 /* InterviewAppMultimoneyAPI */; };
		14C9FF7B2D66BA7300B2CF44 /* LaunchCardGradiant.swift in Sources */ = {isa = PBXBuildFile; fileRef = 14C9FF7A2D66BA7200B2CF44 /* LaunchCardGradiant.swift */; };
		14C9FF7D2D66BAE600B2CF44 /* LaunchCardDisplayable.swift in Sources */ = {isa = PBXBuildFile; fileRef = 14C9FF7C2D66BAE600B2CF44 /* LaunchCardDisplayable.swift */; };
		14C9FF7F2D66BB1200B2CF44 /* LaunchCardView.swift in Sources */ = {isa = PBXBuildFile; fileRef = 14C9FF7E2D66BB1200B2CF44 /* LaunchCardView.swift */; };
		14C9FF832D66BC9B00B2CF44 /* MultimoneyTabBar.swift in Sources */ = {isa = PBXBuildFile; fileRef = 14C9FF822D66BC9B00B2CF44 /* MultimoneyTabBar.swift */; };
		14C9FF862D66BDC600B2CF44 /* InterviewAppMultimoneyAPI in Frameworks */ = {isa = PBXBuildFile; productRef = 14C9FF852D66BDC600B2CF44 /* InterviewAppMultimoneyAPI */; };
		14C9FF892D66BE3900B2CF44 /* InterviewAppMultimoneyAPI in Frameworks */ = {isa = PBXBuildFile; productRef = 14C9FF882D66BE3900B2CF44 /* InterviewAppMultimoneyAPI */; };
		14C9FF8E2D66BF2700B2CF44 /* RocketViewModel.swift in Sources */ = {isa = PBXBuildFile; fileRef = 14C9FF8D2D66BF2700B2CF44 /* RocketViewModel.swift */; };
		14C9FF912D66C05C00B2CF44 /* RocketsScreen.swift in Sources */ = {isa = PBXBuildFile; fileRef = 14C9FF902D66C05C00B2CF44 /* RocketsScreen.swift */; };
		14C9FF942D66CA0C00B2CF44 /* InterviewAppMultimoneyAPI in Frameworks */ = {isa = PBXBuildFile; productRef = 14C9FF932D66CA0C00B2CF44 /* InterviewAppMultimoneyAPI */; };
		14C9FF972D66CBE500B2CF44 /* InterviewAppMultimoneyAPI in Frameworks */ = {isa = PBXBuildFile; productRef = 14C9FF962D66CBE500B2CF44 /* InterviewAppMultimoneyAPI */; };
		14C9FF9A2D66CEDF00B2CF44 /* RocketsCardDisplayable.swift in Sources */ = {isa = PBXBuildFile; fileRef = 14C9FF992D66CEDF00B2CF44 /* RocketsCardDisplayable.swift */; };
		14C9FF9C2D66CEF800B2CF44 /* RocketsCardsUI.swift in Sources */ = {isa = PBXBuildFile; fileRef = 14C9FF9B2D66CEF800B2CF44 /* RocketsCardsUI.swift */; };
		14C9FFA02D66CF4B00B2CF44 /* ShipCardGradiant.swift in Sources */ = {isa = PBXBuildFile; fileRef = 14C9FF9F2D66CF4B00B2CF44 /* ShipCardGradiant.swift */; };
		14C9FFA32D66D67B00B2CF44 /* InterviewAppMultimoneyAPI in Frameworks */ = {isa = PBXBuildFile; productRef = 14C9FFA22D66D67B00B2CF44 /* InterviewAppMultimoneyAPI */; };
		14C9FFA52D66DD9C00B2CF44 /* ShipInfoRow.swift in Sources */ = {isa = PBXBuildFile; fileRef = 14C9FFA42D66DD9C00B2CF44 /* ShipInfoRow.swift */; };
		14C9FFA72D66EA0500B2CF44 /* K.swift in Sources */ = {isa = PBXBuildFile; fileRef = 14C9FFA62D66EA0500B2CF44 /* K.swift */; };
		14C9FFA92D66F34600B2CF44 /* BaseViewModel.swift in Sources */ = {isa = PBXBuildFile; fileRef = 14C9FFA82D66F34600B2CF44 /* BaseViewModel.swift */; };
		14C9FFAC2D66F47E00B2CF44 /* ShipResponse.swift in Sources */ = {isa = PBXBuildFile; fileRef = 14C9FFAB2D66F47E00B2CF44 /* ShipResponse.swift */; };
/* End PBXBuildFile section */

/* Begin PBXFileReference section */
		14C9FF422D66788A00B2CF44 /* InterviewAppMultimoney.app */ = {isa = PBXFileReference; explicitFileType = wrapper.application; includeInIndex = 0; path = InterviewAppMultimoney.app; sourceTree = BUILT_PRODUCTS_DIR; };
		14C9FF452D66788A00B2CF44 /* InterviewAppMultimoneyApp.swift */ = {isa = PBXFileReference; lastKnownFileType = sourcecode.swift; path = InterviewAppMultimoneyApp.swift; sourceTree = "<group>"; };
		14C9FF472D66788A00B2CF44 /* LauchesScreen.swift */ = {isa = PBXFileReference; lastKnownFileType = sourcecode.swift; path = LauchesScreen.swift; sourceTree = "<group>"; };
		14C9FF492D66788C00B2CF44 /* Assets.xcassets */ = {isa = PBXFileReference; lastKnownFileType = folder.assetcatalog; path = Assets.xcassets; sourceTree = "<group>"; };
		14C9FF4C2D66788C00B2CF44 /* Preview Assets.xcassets */ = {isa = PBXFileReference; lastKnownFileType = folder.assetcatalog; path = "Preview Assets.xcassets"; sourceTree = "<group>"; };
		14C9FF5F2D667A7000B2CF44 /* schema.graphqls */ = {isa = PBXFileReference; fileEncoding = 4; lastKnownFileType = text; path = schema.graphqls; sourceTree = "<group>"; };
		14C9FF612D667A9900B2CF44 /* Launches.graphql */ = {isa = PBXFileReference; lastKnownFileType = text; path = Launches.graphql; sourceTree = "<group>"; };
		14C9FF632D667B4200B2CF44 /* Ships.graphql */ = {isa = PBXFileReference; lastKnownFileType = text; path = Ships.graphql; sourceTree = "<group>"; };
		14C9FF692D667D5700B2CF44 /* LaunchesService.swift */ = {isa = PBXFileReference; lastKnownFileType = sourcecode.swift; path = LaunchesService.swift; sourceTree = "<group>"; };
		14C9FF6C2D667D7C00B2CF44 /* LaunchRepositories.swift */ = {isa = PBXFileReference; lastKnownFileType = sourcecode.swift; path = LaunchRepositories.swift; sourceTree = "<group>"; };
		14C9FF6E2D667DFB00B2CF44 /* LauchesViewModel.swift */ = {isa = PBXFileReference; lastKnownFileType = sourcecode.swift; path = LauchesViewModel.swift; sourceTree = "<group>"; };
		14C9FF712D6689A900B2CF44 /* LauchesCardsUI.swift */ = {isa = PBXFileReference; lastKnownFileType = sourcecode.swift; path = LauchesCardsUI.swift; sourceTree = "<group>"; };
		14C9FF7A2D66BA7200B2CF44 /* LaunchCardGradiant.swift */ = {isa = PBXFileReference; lastKnownFileType = sourcecode.swift; path = LaunchCardGradiant.swift; sourceTree = "<group>"; };
		14C9FF7C2D66BAE600B2CF44 /* LaunchCardDisplayable.swift */ = {isa = PBXFileReference; lastKnownFileType = sourcecode.swift; path = LaunchCardDisplayable.swift; sourceTree = "<group>"; };
		14C9FF7E2D66BB1200B2CF44 /* LaunchCardView.swift */ = {isa = PBXFileReference; lastKnownFileType = sourcecode.swift; path = LaunchCardView.swift; sourceTree = "<group>"; };
		14C9FF822D66BC9B00B2CF44 /* MultimoneyTabBar.swift */ = {isa = PBXFileReference; lastKnownFileType = sourcecode.swift; path = MultimoneyTabBar.swift; sourceTree = "<group>"; };
		14C9FF8D2D66BF2700B2CF44 /* RocketViewModel.swift */ = {isa = PBXFileReference; lastKnownFileType = sourcecode.swift; path = RocketViewModel.swift; sourceTree = "<group>"; };
		14C9FF902D66C05C00B2CF44 /* RocketsScreen.swift */ = {isa = PBXFileReference; lastKnownFileType = sourcecode.swift; path = RocketsScreen.swift; sourceTree = "<group>"; };
		14C9FF992D66CEDF00B2CF44 /* RocketsCardDisplayable.swift */ = {isa = PBXFileReference; lastKnownFileType = sourcecode.swift; path = RocketsCardDisplayable.swift; sourceTree = "<group>"; };
		14C9FF9B2D66CEF800B2CF44 /* RocketsCardsUI.swift */ = {isa = PBXFileReference; lastKnownFileType = sourcecode.swift; path = RocketsCardsUI.swift; sourceTree = "<group>"; };
		14C9FF9F2D66CF4B00B2CF44 /* ShipCardGradiant.swift */ = {isa = PBXFileReference; lastKnownFileType = sourcecode.swift; path = ShipCardGradiant.swift; sourceTree = "<group>"; };
		14C9FFA42D66DD9C00B2CF44 /* ShipInfoRow.swift */ = {isa = PBXFileReference; lastKnownFileType = sourcecode.swift; path = ShipInfoRow.swift; sourceTree = "<group>"; };
		14C9FFA62D66EA0500B2CF44 /* K.swift */ = {isa = PBXFileReference; lastKnownFileType = sourcecode.swift; path = K.swift; sourceTree = "<group>"; };
		14C9FFA82D66F34600B2CF44 /* BaseViewModel.swift */ = {isa = PBXFileReference; lastKnownFileType = sourcecode.swift; path = BaseViewModel.swift; sourceTree = "<group>"; };
		14C9FFAB2D66F47E00B2CF44 /* ShipResponse.swift */ = {isa = PBXFileReference; lastKnownFileType = sourcecode.swift; path = ShipResponse.swift; sourceTree = "<group>"; };
/* End PBXFileReference section */

/* Begin PBXFrameworksBuildPhase section */
		14C9FF3F2D66788A00B2CF44 /* Frameworks */ = {
			isa = PBXFrameworksBuildPhase;
			buildActionMask = 2147483647;
			files = (
				14C9FF942D66CA0C00B2CF44 /* InterviewAppMultimoneyAPI in Frameworks */,
				14C9FF752D66B9B600B2CF44 /* InterviewAppMultimoneyAPI in Frameworks */,
				14C9FFA32D66D67B00B2CF44 /* InterviewAppMultimoneyAPI in Frameworks */,
				14C9FF5A2D667A0F00B2CF44 /* Apollo in Frameworks */,
				14C9FF892D66BE3900B2CF44 /* InterviewAppMultimoneyAPI in Frameworks */,
				14C9FF972D66CBE500B2CF44 /* InterviewAppMultimoneyAPI in Frameworks */,
				14C9FF5C2D667A0F00B2CF44 /* ApolloWebSocket in Frameworks */,
				14C9FF862D66BDC600B2CF44 /* InterviewAppMultimoneyAPI in Frameworks */,
				14C9FF672D667D0400B2CF44 /* InterviewAppMultimoneyAPI in Frameworks */,
			);
			runOnlyForDeploymentPostprocessing = 0;
		};
/* End PBXFrameworksBuildPhase section */

/* Begin PBXGroup section */
		14C9FF392D66788A00B2CF44 = {
			isa = PBXGroup;
			children = (
				14C9FF442D66788A00B2CF44 /* InterviewAppMultimoney */,
				14C9FF432D66788A00B2CF44 /* Products */,
			);
			sourceTree = "<group>";
		};
		14C9FF432D66788A00B2CF44 /* Products */ = {
			isa = PBXGroup;
			children = (
				14C9FF422D66788A00B2CF44 /* InterviewAppMultimoney.app */,
			);
			name = Products;
			sourceTree = "<group>";
		};
		14C9FF442D66788A00B2CF44 /* InterviewAppMultimoney */ = {
			isa = PBXGroup;
			children = (
				14C9FF5D2D667A1F00B2CF44 /* Core */,
				14C9FF532D6678A300B2CF44 /* App */,
				14C9FF702D66854000B2CF44 /* Components */,
				14C9FF552D6678BE00B2CF44 /* Feature */,
				14C9FF562D6678CB00B2CF44 /* Utils */,
				14C9FF492D66788C00B2CF44 /* Assets.xcassets */,
				14C9FF4B2D66788C00B2CF44 /* Preview Content */,
			);
			path = InterviewAppMultimoney;
			sourceTree = "<group>";
		};
		14C9FF4B2D66788C00B2CF44 /* Preview Content */ = {
			isa = PBXGroup;
			children = (
				14C9FF4C2D66788C00B2CF44 /* Preview Assets.xcassets */,
			);
			path = "Preview Content";
			sourceTree = "<group>";
		};
		14C9FF532D6678A300B2CF44 /* App */ = {
			isa = PBXGroup;
			children = (
				14C9FF452D66788A00B2CF44 /* InterviewAppMultimoneyApp.swift */,
			);
			path = App;
			sourceTree = "<group>";
		};
		14C9FF552D6678BE00B2CF44 /* Feature */ = {
			isa = PBXGroup;
			children = (
				14C9FF812D66BBB300B2CF44 /* TabBar */,
				14C9FF802D66BBA300B2CF44 /* RocketList */,
				14C9FF762D66B9E800B2CF44 /* LauchList */,
			);
			path = Feature;
			sourceTree = "<group>";
		};
		14C9FF562D6678CB00B2CF44 /* Utils */ = {
			isa = PBXGroup;
			children = (
				14C9FFA62D66EA0500B2CF44 /* K.swift */,
			);
			path = Utils;
			sourceTree = "<group>";
		};
		14C9FF5D2D667A1F00B2CF44 /* Core */ = {
			isa = PBXGroup;
			children = (
				14C9FF6B2D667D6700B2CF44 /* Repositories */,
				14C9FF682D667D4600B2CF44 /* Services */,
				14C9FF5E2D667A2700B2CF44 /* Network */,
			);
			path = Core;
			sourceTree = "<group>";
		};
		14C9FF5E2D667A2700B2CF44 /* Network */ = {
			isa = PBXGroup;
			children = (
				14C9FF5F2D667A7000B2CF44 /* schema.graphqls */,
				14C9FF612D667A9900B2CF44 /* Launches.graphql */,
				14C9FF632D667B4200B2CF44 /* Ships.graphql */,
			);
			path = Network;
			sourceTree = "<group>";
		};
		14C9FF682D667D4600B2CF44 /* Services */ = {
			isa = PBXGroup;
			children = (
				14C9FF692D667D5700B2CF44 /* LaunchesService.swift */,
			);
			path = Services;
			sourceTree = "<group>";
		};
		14C9FF6B2D667D6700B2CF44 /* Repositories */ = {
			isa = PBXGroup;
			children = (
				14C9FF6C2D667D7C00B2CF44 /* LaunchRepositories.swift */,
			);
			path = Repositories;
			sourceTree = "<group>";
		};
		14C9FF702D66854000B2CF44 /* Components */ = {
			isa = PBXGroup;
			children = (
				14C9FF712D6689A900B2CF44 /* LauchesCardsUI.swift */,
				14C9FF9B2D66CEF800B2CF44 /* RocketsCardsUI.swift */,
				14C9FFA82D66F34600B2CF44 /* BaseViewModel.swift */,
			);
			path = Components;
			sourceTree = "<group>";
		};
		14C9FF762D66B9E800B2CF44 /* LauchList */ = {
			isa = PBXGroup;
			children = (
				14C9FF792D66BA1800B2CF44 /* Components */,
				14C9FF782D66B9FA00B2CF44 /* ViewModel */,
				14C9FF772D66B9F300B2CF44 /* View */,
			);
			path = LauchList;
			sourceTree = "<group>";
		};
		14C9FF772D66B9F300B2CF44 /* View */ = {
			isa = PBXGroup;
			children = (
				14C9FF472D66788A00B2CF44 /* LauchesScreen.swift */,
				14C9FF7C2D66BAE600B2CF44 /* LaunchCardDisplayable.swift */,
			);
			path = View;
			sourceTree = "<group>";
		};
		14C9FF782D66B9FA00B2CF44 /* ViewModel */ = {
			isa = PBXGroup;
			children = (
				14C9FF6E2D667DFB00B2CF44 /* LauchesViewModel.swift */,
			);
			path = ViewModel;
			sourceTree = "<group>";
		};
		14C9FF792D66BA1800B2CF44 /* Components */ = {
			isa = PBXGroup;
			children = (
				14C9FF7A2D66BA7200B2CF44 /* LaunchCardGradiant.swift */,
				14C9FF7E2D66BB1200B2CF44 /* LaunchCardView.swift */,
			);
			path = Components;
			sourceTree = "<group>";
		};
		14C9FF802D66BBA300B2CF44 /* RocketList */ = {
			isa = PBXGroup;
			children = (
				14C9FFAA2D66F47400B2CF44 /* Model */,
				14C9FF982D66CE6F00B2CF44 /* Componenets */,
				14C9FF8F2D66C04800B2CF44 /* View */,
				14C9FF8C2D66BF1900B2CF44 /* ViewModel */,
			);
			path = RocketList;
			sourceTree = "<group>";
		};
		14C9FF812D66BBB300B2CF44 /* TabBar */ = {
			isa = PBXGroup;
			children = (
				14C9FF822D66BC9B00B2CF44 /* MultimoneyTabBar.swift */,
			);
			path = TabBar;
			sourceTree = "<group>";
		};
		14C9FF8C2D66BF1900B2CF44 /* ViewModel */ = {
			isa = PBXGroup;
			children = (
				14C9FF8D2D66BF2700B2CF44 /* RocketViewModel.swift */,
			);
			path = ViewModel;
			sourceTree = "<group>";
		};
		14C9FF8F2D66C04800B2CF44 /* View */ = {
			isa = PBXGroup;
			children = (
				14C9FF902D66C05C00B2CF44 /* RocketsScreen.swift */,
				14C9FF992D66CEDF00B2CF44 /* RocketsCardDisplayable.swift */,
			);
			path = View;
			sourceTree = "<group>";
		};
		14C9FF982D66CE6F00B2CF44 /* Componenets */ = {
			isa = PBXGroup;
			children = (
				14C9FF9F2D66CF4B00B2CF44 /* ShipCardGradiant.swift */,
				14C9FFA42D66DD9C00B2CF44 /* ShipInfoRow.swift */,
			);
			path = Componenets;
			sourceTree = "<group>";
		};
		14C9FFAA2D66F47400B2CF44 /* Model */ = {
			isa = PBXGroup;
			children = (
				14C9FFAB2D66F47E00B2CF44 /* ShipResponse.swift */,
			);
			path = Model;
			sourceTree = "<group>";
		};
/* End PBXGroup section */

/* Begin PBXNativeTarget section */
		14C9FF412D66788A00B2CF44 /* InterviewAppMultimoney */ = {
			isa = PBXNativeTarget;
			buildConfigurationList = 14C9FF502D66788C00B2CF44 /* Build configuration list for PBXNativeTarget "InterviewAppMultimoney" */;
			buildPhases = (
				14C9FF3E2D66788A00B2CF44 /* Sources */,
				14C9FF3F2D66788A00B2CF44 /* Frameworks */,
				14C9FF402D66788A00B2CF44 /* Resources */,
			);
			buildRules = (
			);
			dependencies = (
			);
			name = InterviewAppMultimoney;
			packageProductDependencies = (
				14C9FF592D667A0F00B2CF44 /* Apollo */,
				14C9FF5B2D667A0F00B2CF44 /* ApolloWebSocket */,
				14C9FF662D667D0400B2CF44 /* InterviewAppMultimoneyAPI */,
				14C9FF742D66B9B600B2CF44 /* InterviewAppMultimoneyAPI */,
				14C9FF852D66BDC600B2CF44 /* InterviewAppMultimoneyAPI */,
				14C9FF882D66BE3900B2CF44 /* InterviewAppMultimoneyAPI */,
				14C9FF932D66CA0C00B2CF44 /* InterviewAppMultimoneyAPI */,
				14C9FF962D66CBE500B2CF44 /* InterviewAppMultimoneyAPI */,
				14C9FFA22D66D67B00B2CF44 /* InterviewAppMultimoneyAPI */,
			);
			productName = InterviewAppMultimoney;
			productReference = 14C9FF422D66788A00B2CF44 /* InterviewAppMultimoney.app */;
			productType = "com.apple.product-type.application";
		};
/* End PBXNativeTarget section */

/* Begin PBXProject section */
		14C9FF3A2D66788A00B2CF44 /* Project object */ = {
			isa = PBXProject;
			attributes = {
				BuildIndependentTargetsInParallel = 1;
				LastSwiftUpdateCheck = 1540;
				LastUpgradeCheck = 1540;
				TargetAttributes = {
					14C9FF412D66788A00B2CF44 = {
						CreatedOnToolsVersion = 15.4;
					};
				};
			};
			buildConfigurationList = 14C9FF3D2D66788A00B2CF44 /* Build configuration list for PBXProject "InterviewAppMultimoney" */;
			compatibilityVersion = "Xcode 14.0";
			developmentRegion = en;
			hasScannedForEncodings = 0;
			knownRegions = (
				en,
				Base,
			);
			mainGroup = 14C9FF392D66788A00B2CF44;
			packageReferences = (
				14C9FF582D667A0F00B2CF44 /* XCRemoteSwiftPackageReference "apollo-ios" */,
				14C9FFA12D66D67B00B2CF44 /* XCLocalSwiftPackageReference "InterviewAppMultimoneyAPI" */,
			);
			productRefGroup = 14C9FF432D66788A00B2CF44 /* Products */;
			projectDirPath = "";
			projectRoot = "";
			targets = (
				14C9FF412D66788A00B2CF44 /* InterviewAppMultimoney */,
			);
		};
/* End PBXProject section */

/* Begin PBXResourcesBuildPhase section */
		14C9FF402D66788A00B2CF44 /* Resources */ = {
			isa = PBXResourcesBuildPhase;
			buildActionMask = 2147483647;
			files = (
				14C9FF622D667A9900B2CF44 /* Launches.graphql in Resources */,
				14C9FF642D667B4200B2CF44 /* Ships.graphql in Resources */,
				14C9FF4D2D66788C00B2CF44 /* Preview Assets.xcassets in Resources */,
				14C9FF602D667A7000B2CF44 /* schema.graphqls in Resources */,
				14C9FF4A2D66788C00B2CF44 /* Assets.xcassets in Resources */,
			);
			runOnlyForDeploymentPostprocessing = 0;
		};
/* End PBXResourcesBuildPhase section */

/* Begin PBXSourcesBuildPhase section */
		14C9FF3E2D66788A00B2CF44 /* Sources */ = {
			isa = PBXSourcesBuildPhase;
			buildActionMask = 2147483647;
			files = (
				14C9FFA52D66DD9C00B2CF44 /* ShipInfoRow.swift in Sources */,
				14C9FF832D66BC9B00B2CF44 /* MultimoneyTabBar.swift in Sources */,
				14C9FFAC2D66F47E00B2CF44 /* ShipResponse.swift in Sources */,
				14C9FF6F2D667DFB00B2CF44 /* LauchesViewModel.swift in Sources */,
				14C9FFA72D66EA0500B2CF44 /* K.swift in Sources */,
				14C9FF722D6689A900B2CF44 /* LauchesCardsUI.swift in Sources */,
				14C9FFA92D66F34600B2CF44 /* BaseViewModel.swift in Sources */,
				14C9FF482D66788A00B2CF44 /* LauchesScreen.swift in Sources */,
				14C9FF6A2D667D5700B2CF44 /* LaunchesService.swift in Sources */,
				14C9FF6D2D667D7C00B2CF44 /* LaunchRepositories.swift in Sources */,
				14C9FF7D2D66BAE600B2CF44 /* LaunchCardDisplayable.swift in Sources */,
				14C9FF462D66788A00B2CF44 /* InterviewAppMultimoneyApp.swift in Sources */,
				14C9FF7B2D66BA7300B2CF44 /* LaunchCardGradiant.swift in Sources */,
				14C9FF912D66C05C00B2CF44 /* RocketsScreen.swift in Sources */,
				14C9FF8E2D66BF2700B2CF44 /* RocketViewModel.swift in Sources */,
				14C9FF7F2D66BB1200B2CF44 /* LaunchCardView.swift in Sources */,
				14C9FF9A2D66CEDF00B2CF44 /* RocketsCardDisplayable.swift in Sources */,
				14C9FF9C2D66CEF800B2CF44 /* RocketsCardsUI.swift in Sources */,
				14C9FFA02D66CF4B00B2CF44 /* ShipCardGradiant.swift in Sources */,
			);
			runOnlyForDeploymentPostprocessing = 0;
		};
/* End PBXSourcesBuildPhase section */

/* Begin XCBuildConfiguration section */
		14C9FF4E2D66788C00B2CF44 /* Debug */ = {
			isa = XCBuildConfiguration;
			buildSettings = {
				ALWAYS_SEARCH_USER_PATHS = NO;
				ASSETCATALOG_COMPILER_GENERATE_SWIFT_ASSET_SYMBOL_EXTENSIONS = YES;
				CLANG_ANALYZER_NONNULL = YES;
				CLANG_ANALYZER_NUMBER_OBJECT_CONVERSION = YES_AGGRESSIVE;
				CLANG_CXX_LANGUAGE_STANDARD = "gnu++20";
				CLANG_ENABLE_MODULES = YES;
				CLANG_ENABLE_OBJC_ARC = YES;
				CLANG_ENABLE_OBJC_WEAK = YES;
				CLANG_WARN_BLOCK_CAPTURE_AUTORELEASING = YES;
				CLANG_WARN_BOOL_CONVERSION = YES;
				CLANG_WARN_COMMA = YES;
				CLANG_WARN_CONSTANT_CONVERSION = YES;
				CLANG_WARN_DEPRECATED_OBJC_IMPLEMENTATIONS = YES;
				CLANG_WARN_DIRECT_OBJC_ISA_USAGE = YES_ERROR;
				CLANG_WARN_DOCUMENTATION_COMMENTS = YES;
				CLANG_WARN_EMPTY_BODY = YES;
				CLANG_WARN_ENUM_CONVERSION = YES;
				CLANG_WARN_INFINITE_RECURSION = YES;
				CLANG_WARN_INT_CONVERSION = YES;
				CLANG_WARN_NON_LITERAL_NULL_CONVERSION = YES;
				CLANG_WARN_OBJC_IMPLICIT_RETAIN_SELF = YES;
				CLANG_WARN_OBJC_LITERAL_CONVERSION = YES;
				CLANG_WARN_OBJC_ROOT_CLASS = YES_ERROR;
				CLANG_WARN_QUOTED_INCLUDE_IN_FRAMEWORK_HEADER = YES;
				CLANG_WARN_RANGE_LOOP_ANALYSIS = YES;
				CLANG_WARN_STRICT_PROTOTYPES = YES;
				CLANG_WARN_SUSPICIOUS_MOVE = YES;
				CLANG_WARN_UNGUARDED_AVAILABILITY = YES_AGGRESSIVE;
				CLANG_WARN_UNREACHABLE_CODE = YES;
				CLANG_WARN__DUPLICATE_METHOD_MATCH = YES;
				COPY_PHASE_STRIP = NO;
				DEBUG_INFORMATION_FORMAT = dwarf;
				ENABLE_STRICT_OBJC_MSGSEND = YES;
				ENABLE_TESTABILITY = YES;
				ENABLE_USER_SCRIPT_SANDBOXING = YES;
				GCC_C_LANGUAGE_STANDARD = gnu17;
				GCC_DYNAMIC_NO_PIC = NO;
				GCC_NO_COMMON_BLOCKS = YES;
				GCC_OPTIMIZATION_LEVEL = 0;
				GCC_PREPROCESSOR_DEFINITIONS = (
					"DEBUG=1",
					"$(inherited)",
				);
				GCC_WARN_64_TO_32_BIT_CONVERSION = YES;
				GCC_WARN_ABOUT_RETURN_TYPE = YES_ERROR;
				GCC_WARN_UNDECLARED_SELECTOR = YES;
				GCC_WARN_UNINITIALIZED_AUTOS = YES_AGGRESSIVE;
				GCC_WARN_UNUSED_FUNCTION = YES;
				GCC_WARN_UNUSED_VARIABLE = YES;
				IPHONEOS_DEPLOYMENT_TARGET = 17.5;
				LOCALIZATION_PREFERS_STRING_CATALOGS = YES;
				MTL_ENABLE_DEBUG_INFO = INCLUDE_SOURCE;
				MTL_FAST_MATH = YES;
				ONLY_ACTIVE_ARCH = YES;
				SDKROOT = iphoneos;
				SWIFT_ACTIVE_COMPILATION_CONDITIONS = "DEBUG $(inherited)";
				SWIFT_OPTIMIZATION_LEVEL = "-Onone";
			};
			name = Debug;
		};
		14C9FF4F2D66788C00B2CF44 /* Release */ = {
			isa = XCBuildConfiguration;
			buildSettings = {
				ALWAYS_SEARCH_USER_PATHS = NO;
				ASSETCATALOG_COMPILER_GENERATE_SWIFT_ASSET_SYMBOL_EXTENSIONS = YES;
				CLANG_ANALYZER_NONNULL = YES;
				CLANG_ANALYZER_NUMBER_OBJECT_CONVERSION = YES_AGGRESSIVE;
				CLANG_CXX_LANGUAGE_STANDARD = "gnu++20";
				CLANG_ENABLE_MODULES = YES;
				CLANG_ENABLE_OBJC_ARC = YES;
				CLANG_ENABLE_OBJC_WEAK = YES;
				CLANG_WARN_BLOCK_CAPTURE_AUTORELEASING = YES;
				CLANG_WARN_BOOL_CONVERSION = YES;
				CLANG_WARN_COMMA = YES;
				CLANG_WARN_CONSTANT_CONVERSION = YES;
				CLANG_WARN_DEPRECATED_OBJC_IMPLEMENTATIONS = YES;
				CLANG_WARN_DIRECT_OBJC_ISA_USAGE = YES_ERROR;
				CLANG_WARN_DOCUMENTATION_COMMENTS = YES;
				CLANG_WARN_EMPTY_BODY = YES;
				CLANG_WARN_ENUM_CONVERSION = YES;
				CLANG_WARN_INFINITE_RECURSION = YES;
				CLANG_WARN_INT_CONVERSION = YES;
				CLANG_WARN_NON_LITERAL_NULL_CONVERSION = YES;
				CLANG_WARN_OBJC_IMPLICIT_RETAIN_SELF = YES;
				CLANG_WARN_OBJC_LITERAL_CONVERSION = YES;
				CLANG_WARN_OBJC_ROOT_CLASS = YES_ERROR;
				CLANG_WARN_QUOTED_INCLUDE_IN_FRAMEWORK_HEADER = YES;
				CLANG_WARN_RANGE_LOOP_ANALYSIS = YES;
				CLANG_WARN_STRICT_PROTOTYPES = YES;
				CLANG_WARN_SUSPICIOUS_MOVE = YES;
				CLANG_WARN_UNGUARDED_AVAILABILITY = YES_AGGRESSIVE;
				CLANG_WARN_UNREACHABLE_CODE = YES;
				CLANG_WARN__DUPLICATE_METHOD_MATCH = YES;
				COPY_PHASE_STRIP = NO;
				DEBUG_INFORMATION_FORMAT = "dwarf-with-dsym";
				ENABLE_NS_ASSERTIONS = NO;
				ENABLE_STRICT_OBJC_MSGSEND = YES;
				ENABLE_USER_SCRIPT_SANDBOXING = YES;
				GCC_C_LANGUAGE_STANDARD = gnu17;
				GCC_NO_COMMON_BLOCKS = YES;
				GCC_WARN_64_TO_32_BIT_CONVERSION = YES;
				GCC_WARN_ABOUT_RETURN_TYPE = YES_ERROR;
				GCC_WARN_UNDECLARED_SELECTOR = YES;
				GCC_WARN_UNINITIALIZED_AUTOS = YES_AGGRESSIVE;
				GCC_WARN_UNUSED_FUNCTION = YES;
				GCC_WARN_UNUSED_VARIABLE = YES;
				IPHONEOS_DEPLOYMENT_TARGET = 17.5;
				LOCALIZATION_PREFERS_STRING_CATALOGS = YES;
				MTL_ENABLE_DEBUG_INFO = NO;
				MTL_FAST_MATH = YES;
				SDKROOT = iphoneos;
				SWIFT_COMPILATION_MODE = wholemodule;
				VALIDATE_PRODUCT = YES;
			};
			name = Release;
		};
		14C9FF512D66788C00B2CF44 /* Debug */ = {
			isa = XCBuildConfiguration;
			buildSettings = {
				ASSETCATALOG_COMPILER_APPICON_NAME = AppIcon;
				ASSETCATALOG_COMPILER_GLOBAL_ACCENT_COLOR_NAME = AccentColor;
				CODE_SIGN_STYLE = Automatic;
				CURRENT_PROJECT_VERSION = 1;
				DEVELOPMENT_ASSET_PATHS = "\"InterviewAppMultimoney/Preview Content\"";
				DEVELOPMENT_TEAM = ASR8D44L2N;
				ENABLE_PREVIEWS = YES;
				GENERATE_INFOPLIST_FILE = YES;
				INFOPLIST_KEY_UIApplicationSceneManifest_Generation = YES;
				INFOPLIST_KEY_UIApplicationSupportsIndirectInputEvents = YES;
				INFOPLIST_KEY_UILaunchScreen_Generation = YES;
				INFOPLIST_KEY_UISupportedInterfaceOrientations_iPad = "UIInterfaceOrientationPortrait UIInterfaceOrientationPortraitUpsideDown UIInterfaceOrientationLandscapeLeft UIInterfaceOrientationLandscapeRight";
				INFOPLIST_KEY_UISupportedInterfaceOrientations_iPhone = "UIInterfaceOrientationPortrait UIInterfaceOrientationLandscapeLeft UIInterfaceOrientationLandscapeRight";
				LD_RUNPATH_SEARCH_PATHS = (
					"$(inherited)",
					"@executable_path/Frameworks",
				);
				MARKETING_VERSION = 1.0;
				PRODUCT_BUNDLE_IDENTIFIER = innova.InterviewAppMultimoney;
				PRODUCT_NAME = "$(TARGET_NAME)";
				SWIFT_EMIT_LOC_STRINGS = YES;
				SWIFT_VERSION = 5.0;
				TARGETED_DEVICE_FAMILY = "1,2";
			};
			name = Debug;
		};
		14C9FF522D66788C00B2CF44 /* Release */ = {
			isa = XCBuildConfiguration;
			buildSettings = {
				ASSETCATALOG_COMPILER_APPICON_NAME = AppIcon;
				ASSETCATALOG_COMPILER_GLOBAL_ACCENT_COLOR_NAME = AccentColor;
				CODE_SIGN_STYLE = Automatic;
				CURRENT_PROJECT_VERSION = 1;
				DEVELOPMENT_ASSET_PATHS = "\"InterviewAppMultimoney/Preview Content\"";
				DEVELOPMENT_TEAM = ASR8D44L2N;
				ENABLE_PREVIEWS = YES;
				GENERATE_INFOPLIST_FILE = YES;
				INFOPLIST_KEY_UIApplicationSceneManifest_Generation = YES;
				INFOPLIST_KEY_UIApplicationSupportsIndirectInputEvents = YES;
				INFOPLIST_KEY_UILaunchScreen_Generation = YES;
				INFOPLIST_KEY_UISupportedInterfaceOrientations_iPad = "UIInterfaceOrientationPortrait UIInterfaceOrientationPortraitUpsideDown UIInterfaceOrientationLandscapeLeft UIInterfaceOrientationLandscapeRight";
				INFOPLIST_KEY_UISupportedInterfaceOrientations_iPhone = "UIInterfaceOrientationPortrait UIInterfaceOrientationLandscapeLeft UIInterfaceOrientationLandscapeRight";
				LD_RUNPATH_SEARCH_PATHS = (
					"$(inherited)",
					"@executable_path/Frameworks",
				);
				MARKETING_VERSION = 1.0;
				PRODUCT_BUNDLE_IDENTIFIER = innova.InterviewAppMultimoney;
				PRODUCT_NAME = "$(TARGET_NAME)";
				SWIFT_EMIT_LOC_STRINGS = YES;
				SWIFT_VERSION = 5.0;
				TARGETED_DEVICE_FAMILY = "1,2";
			};
			name = Release;
		};
/* End XCBuildConfiguration section */

/* Begin XCConfigurationList section */
		14C9FF3D2D66788A00B2CF44 /* Build configuration list for PBXProject "InterviewAppMultimoney" */ = {
			isa = XCConfigurationList;
			buildConfigurations = (
				14C9FF4E2D66788C00B2CF44 /* Debug */,
				14C9FF4F2D66788C00B2CF44 /* Release */,
			);
			defaultConfigurationIsVisible = 0;
			defaultConfigurationName = Release;
		};
		14C9FF502D66788C00B2CF44 /* Build configuration list for PBXNativeTarget "InterviewAppMultimoney" */ = {
			isa = XCConfigurationList;
			buildConfigurations = (
				14C9FF512D66788C00B2CF44 /* Debug */,
				14C9FF522D66788C00B2CF44 /* Release */,
			);
			defaultConfigurationIsVisible = 0;
			defaultConfigurationName = Release;
		};
/* End XCConfigurationList section */

/* Begin XCLocalSwiftPackageReference section */
		14C9FFA12D66D67B00B2CF44 /* XCLocalSwiftPackageReference "InterviewAppMultimoneyAPI" */ = {
			isa = XCLocalSwiftPackageReference;
			relativePath = InterviewAppMultimoneyAPI;
		};
/* End XCLocalSwiftPackageReference section */

/* Begin XCRemoteSwiftPackageReference section */
		14C9FF582D667A0F00B2CF44 /* XCRemoteSwiftPackageReference "apollo-ios" */ = {
			isa = XCRemoteSwiftPackageReference;
			repositoryURL = "https://github.com/apollographql/apollo-ios.git";
			requirement = {
				kind = upToNextMajorVersion;
				minimumVersion = 1.18.0;
			};
		};
/* End XCRemoteSwiftPackageReference section */

/* Begin XCSwiftPackageProductDependency section */
		14C9FF592D667A0F00B2CF44 /* Apollo */ = {
			isa = XCSwiftPackageProductDependency;
			package = 14C9FF582D667A0F00B2CF44 /* XCRemoteSwiftPackageReference "apollo-ios" */;
			productName = Apollo;
		};
		14C9FF5B2D667A0F00B2CF44 /* ApolloWebSocket */ = {
			isa = XCSwiftPackageProductDependency;
			package = 14C9FF582D667A0F00B2CF44 /* XCRemoteSwiftPackageReference "apollo-ios" */;
			productName = ApolloWebSocket;
		};
		14C9FF662D667D0400B2CF44 /* InterviewAppMultimoneyAPI */ = {
			isa = XCSwiftPackageProductDependency;
			productName = InterviewAppMultimoneyAPI;
		};
		14C9FF742D66B9B600B2CF44 /* InterviewAppMultimoneyAPI */ = {
			isa = XCSwiftPackageProductDependency;
			productName = InterviewAppMultimoneyAPI;
		};
		14C9FF852D66BDC600B2CF44 /* InterviewAppMultimoneyAPI */ = {
			isa = XCSwiftPackageProductDependency;
			productName = InterviewAppMultimoneyAPI;
		};
		14C9FF882D66BE3900B2CF44 /* InterviewAppMultimoneyAPI */ = {
			isa = XCSwiftPackageProductDependency;
			productName = InterviewAppMultimoneyAPI;
		};
		14C9FF932D66CA0C00B2CF44 /* InterviewAppMultimoneyAPI */ = {
			isa = XCSwiftPackageProductDependency;
			productName = InterviewAppMultimoneyAPI;
		};
		14C9FF962D66CBE500B2CF44 /* InterviewAppMultimoneyAPI */ = {
			isa = XCSwiftPackageProductDependency;
			productName = InterviewAppMultimoneyAPI;
		};
		14C9FFA22D66D67B00B2CF44 /* InterviewAppMultimoneyAPI */ = {
			isa = XCSwiftPackageProductDependency;
			productName = InterviewAppMultimoneyAPI;
		};
/* End XCSwiftPackageProductDependency section */
	};
	rootObject = 14C9FF3A2D66788A00B2CF44 /* Project object */;
}
